
Microsoft Visual Studio Solution File, Format Version 12.00
# Visual Studio Express 14 for Windows Desktop
VisualStudioVersion = 14.0.25420.1
MinimumVisualStudioVersion = 10.0.40219.1
Project("{FAE04EC0-301F-11D3-BF4B-00C04F79EFBC}") = "Giuaki_baitap", "Giuaki_baitap\Giuaki_baitap.csproj", "{4716B9B5-2E21-4859-BE1E-044E0DC40392}"
EndProject
Global
	GlobalSection(SolutionConfigurationPlatforms) = preSolution
		Debug|Any CPU = Debug|Any CPU
		Release|Any CPU = Release|Any CPU
	EndGlobalSection
	GlobalSection(ProjectConfigurationPlatforms) = postSolution
		{4716B9B5-2E21-4859-BE1E-044E0DC40392}.Debug|Any CPU.ActiveCfg = Debug|Any CPU
		{4716B9B5-2E21-4859-BE1E-044E0DC40392}.Debug|Any CPU.Build.0 = Debug|Any CPU
		{4716B9B5-2E21-4859-BE1E-044E0DC40392}.Release|Any CPU.ActiveCfg = Release|Any CPU
		{4716B9B5-2E21-4859-BE1E-044E0DC40392}.Release|Any CPU.Build.0 = Release|Any CPU
	EndGlobalSection
	GlobalSection(SolutionProperties) = preSolution
		HideSolutionNode = FALSE
	EndGlobalSection
EndGlobal
